
Microsoft Visual Studio Solution File, Format Version 12.00
Project("{FAE04EC0-301F-11D3-BF4B-00C04F79EFBC}") = "BlogSN", "BlogSN\BlogSN.csproj", "{8FAA6C4E-0929-47F0-837F-B5C24A9EA179}"
EndProject
Global
	GlobalSection(SolutionConfigurationPlatforms) = preSolution
		Debug|Any CPU = Debug|Any CPU
		Release|Any CPU = Release|Any CPU
	EndGlobalSection
	GlobalSection(ProjectConfigurationPlatforms) = postSolution
		{8FAA6C4E-0929-47F0-837F-B5C24A9EA179}.Debug|Any CPU.ActiveCfg = Debug|Any CPU
		{8FAA6C4E-0929-47F0-837F-B5C24A9EA179}.Debug|Any CPU.Build.0 = Debug|Any CPU
		{8FAA6C4E-0929-47F0-837F-B5C24A9EA179}.Release|Any CPU.ActiveCfg = Release|Any CPU
		{8FAA6C4E-0929-47F0-837F-B5C24A9EA179}.Release|Any CPU.Build.0 = Release|Any CPU
	EndGlobalSection
EndGlobal
